
Microsoft Visual Studio Solution File, Format Version 12.00
# Visual Studio Version 17
VisualStudioVersion = 17.1.32421.90
MinimumVisualStudioVersion = 10.0.40219.1
Project("{FAE04EC0-301F-11D3-BF4B-00C04F79EFBC}") = "d4net.Library", "d4net.Library.csproj", "{9DEA765E-C728-4A7D-B174-513F929DE625}"
EndProject
Project("{2150E333-8FDC-42A3-9474-1A3956D46DE8}") = "Solution Items", "Solution Items", "{3FD79C3C-63F2-48D1-9071-B316D16F4814}"
	ProjectSection(SolutionItems) = preProject
		.editorconfig = .editorconfig
	EndProjectSection
EndProject
Global
	GlobalSection(SolutionConfigurationPlatforms) = preSolution
		Debug|Any CPU = Debug|Any CPU
		Release|Any CPU = Release|Any CPU
	EndGlobalSection
	GlobalSection(ProjectConfigurationPlatforms) = postSolution
		{9DEA765E-C728-4A7D-B174-513F929DE625}.Debug|Any CPU.ActiveCfg = Debug|Any CPU
		{9DEA765E-C728-4A7D-B174-513F929DE625}.Debug|Any CPU.Build.0 = Debug|Any CPU
		{9DEA765E-C728-4A7D-B174-513F929DE625}.Release|Any CPU.ActiveCfg = Release|Any CPU
		{9DEA765E-C728-4A7D-B174-513F929DE625}.Release|Any CPU.Build.0 = Release|Any CPU
	EndGlobalSection
	GlobalSection(SolutionProperties) = preSolution
		HideSolutionNode = FALSE
	EndGlobalSection
	GlobalSection(ExtensibilityGlobals) = postSolution
		SolutionGuid = {32907E42-3EFA-4DCB-8CE1-AE807D9B0B06}
	EndGlobalSection
EndGlobal
